
Microsoft Visual Studio Solution File, Format Version 12.00
# Visual Studio Version 16
VisualStudioVersion = 25.0.1706.10
MinimumVisualStudioVersion = 10.0.40219.1
Project("{FAE04EC0-301F-11D3-BF4B-00C04F79EFBC}") = "ProjectFinal", "ProjectFinal\ProjectFinal.csproj", "{297D36DC-53CF-4473-A40C-D8961A2BA17A}"
EndProject
Global
	GlobalSection(SolutionConfigurationPlatforms) = preSolution
		Debug|Any CPU = Debug|Any CPU
		Release|Any CPU = Release|Any CPU
	EndGlobalSection
	GlobalSection(ProjectConfigurationPlatforms) = postSolution
		{297D36DC-53CF-4473-A40C-D8961A2BA17A}.Debug|Any CPU.ActiveCfg = Debug|Any CPU
		{297D36DC-53CF-4473-A40C-D8961A2BA17A}.Debug|Any CPU.Build.0 = Debug|Any CPU
		{297D36DC-53CF-4473-A40C-D8961A2BA17A}.Release|Any CPU.ActiveCfg = Release|Any CPU
		{297D36DC-53CF-4473-A40C-D8961A2BA17A}.Release|Any CPU.Build.0 = Release|Any CPU
	EndGlobalSection
	GlobalSection(SolutionProperties) = preSolution
		HideSolutionNode = FALSE
	EndGlobalSection
	GlobalSection(ExtensibilityGlobals) = postSolution
		SolutionGuid = {2C86FA71-CCF2-4F62-8A4A-1B07F0A5DD56}
	EndGlobalSection
EndGlobal
